
Microsoft Visual Studio Solution File, Format Version 12.00
# Visual Studio Version 17
VisualStudioVersion = 17.4.33213.308
MinimumVisualStudioVersion = 10.0.40219.1
Project("{FAE04EC0-301F-11D3-BF4B-00C04F79EFBC}") = "RetailManagment", "RetailManagment.csproj", "{6FF3F4A4-403D-431B-844C-D94510E7CC97}"
EndProject
Project("{FAE04EC0-301F-11D3-BF4B-00C04F79EFBC}") = "DataLibrary", "..\DataLibrary\DataLibrary.csproj", "{3662EA3D-7DD5-4354-84B6-390CEFDC6CED}"
EndProject
Global
	GlobalSection(SolutionConfigurationPlatforms) = preSolution
		Debug|Any CPU = Debug|Any CPU
		Release|Any CPU = Release|Any CPU
	EndGlobalSection
	GlobalSection(ProjectConfigurationPlatforms) = postSolution
		{6FF3F4A4-403D-431B-844C-D94510E7CC97}.Debug|Any CPU.ActiveCfg = Debug|Any CPU
		{6FF3F4A4-403D-431B-844C-D94510E7CC97}.Debug|Any CPU.Build.0 = Debug|Any CPU
		{6FF3F4A4-403D-431B-844C-D94510E7CC97}.Release|Any CPU.ActiveCfg = Release|Any CPU
		{6FF3F4A4-403D-431B-844C-D94510E7CC97}.Release|Any CPU.Build.0 = Release|Any CPU
		{3662EA3D-7DD5-4354-84B6-390CEFDC6CED}.Debug|Any CPU.ActiveCfg = Debug|Any CPU
		{3662EA3D-7DD5-4354-84B6-390CEFDC6CED}.Debug|Any CPU.Build.0 = Debug|Any CPU
		{3662EA3D-7DD5-4354-84B6-390CEFDC6CED}.Release|Any CPU.ActiveCfg = Release|Any CPU
		{3662EA3D-7DD5-4354-84B6-390CEFDC6CED}.Release|Any CPU.Build.0 = Release|Any CPU
	EndGlobalSection
	GlobalSection(SolutionProperties) = preSolution
		HideSolutionNode = FALSE
	EndGlobalSection
	GlobalSection(ExtensibilityGlobals) = postSolution
		SolutionGuid = {2D32949E-7336-4788-A844-1B004273FC7D}
	EndGlobalSection
EndGlobal
