
Microsoft Visual Studio Solution File, Format Version 12.00
# Visual Studio Version 16
VisualStudioVersion = 16.0.33214.272
MinimumVisualStudioVersion = 10.0.40219.1
Project("{FAE04EC0-301F-11D3-BF4B-00C04F79EFBC}") = "CS476", "CS476.csproj", "{FEA0037A-DB85-4A97-AFEF-BE6DA2197672}"
EndProject
Global
	GlobalSection(SolutionConfigurationPlatforms) = preSolution
		Debug|Any CPU = Debug|Any CPU
		Release|Any CPU = Release|Any CPU
	EndGlobalSection
	GlobalSection(ProjectConfigurationPlatforms) = postSolution
		{FEA0037A-DB85-4A97-AFEF-BE6DA2197672}.Debug|Any CPU.ActiveCfg = Debug|Any CPU
		{FEA0037A-DB85-4A97-AFEF-BE6DA2197672}.Debug|Any CPU.Build.0 = Debug|Any CPU
		{FEA0037A-DB85-4A97-AFEF-BE6DA2197672}.Release|Any CPU.ActiveCfg = Release|Any CPU
		{FEA0037A-DB85-4A97-AFEF-BE6DA2197672}.Release|Any CPU.Build.0 = Release|Any CPU
	EndGlobalSection
	GlobalSection(SolutionProperties) = preSolution
		HideSolutionNode = FALSE
	EndGlobalSection
	GlobalSection(ExtensibilityGlobals) = postSolution
		SolutionGuid = {182C365D-6FF2-473C-92A8-4113F6A49A60}
	EndGlobalSection
EndGlobal
