
Microsoft Visual Studio Solution File, Format Version 12.00
# Visual Studio Version 16
VisualStudioVersion = 16.0.33214.272
MinimumVisualStudioVersion = 10.0.40219.1
Project("{FAE04EC0-301F-11D3-BF4B-00C04F79EFBC}") = "RetailManagment", "RetailManagment.csproj", "{EEAFC060-4977-4242-93B1-4612627F1690}"
EndProject
Global
	GlobalSection(SolutionConfigurationPlatforms) = preSolution
		Debug|Any CPU = Debug|Any CPU
		Release|Any CPU = Release|Any CPU
	EndGlobalSection
	GlobalSection(ProjectConfigurationPlatforms) = postSolution
		{EEAFC060-4977-4242-93B1-4612627F1690}.Debug|Any CPU.ActiveCfg = Debug|Any CPU
		{EEAFC060-4977-4242-93B1-4612627F1690}.Debug|Any CPU.Build.0 = Debug|Any CPU
		{EEAFC060-4977-4242-93B1-4612627F1690}.Release|Any CPU.ActiveCfg = Release|Any CPU
		{EEAFC060-4977-4242-93B1-4612627F1690}.Release|Any CPU.Build.0 = Release|Any CPU
	EndGlobalSection
	GlobalSection(SolutionProperties) = preSolution
		HideSolutionNode = FALSE
	EndGlobalSection
	GlobalSection(ExtensibilityGlobals) = postSolution
		SolutionGuid = {A64F8C29-B143-4FD1-A673-27D61AE2F320}
	EndGlobalSection
EndGlobal
